
Microsoft Visual Studio Solution File, Format Version 12.00
# Visual Studio Version 17
VisualStudioVersion = 17.6.33815.320
MinimumVisualStudioVersion = 10.0.40219.1
Project("{FAE04EC0-301F-11D3-BF4B-00C04F79EFBC}") = "POT2_Q8E6EZ", "POT2_Q8E6EZ\POT2_Q8E6EZ.csproj", "{7969BCAD-DB3F-42BB-981A-8E157E15A866}"
EndProject
Global
	GlobalSection(SolutionConfigurationPlatforms) = preSolution
		Debug|Any CPU = Debug|Any CPU
		Release|Any CPU = Release|Any CPU
	EndGlobalSection
	GlobalSection(ProjectConfigurationPlatforms) = postSolution
		{7969BCAD-DB3F-42BB-981A-8E157E15A866}.Debug|Any CPU.ActiveCfg = Debug|Any CPU
		{7969BCAD-DB3F-42BB-981A-8E157E15A866}.Debug|Any CPU.Build.0 = Debug|Any CPU
		{7969BCAD-DB3F-42BB-981A-8E157E15A866}.Release|Any CPU.ActiveCfg = Release|Any CPU
		{7969BCAD-DB3F-42BB-981A-8E157E15A866}.Release|Any CPU.Build.0 = Release|Any CPU
	EndGlobalSection
	GlobalSection(SolutionProperties) = preSolution
		HideSolutionNode = FALSE
	EndGlobalSection
	GlobalSection(ExtensibilityGlobals) = postSolution
		SolutionGuid = {D5AD9434-938F-4FE9-85B4-28CF32685156}
	EndGlobalSection
EndGlobal
